
Microsoft Visual Studio Solution File, Format Version 12.00
# Visual Studio Version 17
VisualStudioVersion = 17.4.33110.190
MinimumVisualStudioVersion = 10.0.40219.1
Project("{FAE04EC0-301F-11D3-BF4B-00C04F79EFBC}") = "JokeApp", "JokeApp\JokeApp.csproj", "{3D2EF30D-DDCB-421B-A891-AAF1F4A1BC31}"
EndProject
Global
	GlobalSection(SolutionConfigurationPlatforms) = preSolution
		Debug|Any CPU = Debug|Any CPU
		Release|Any CPU = Release|Any CPU
	EndGlobalSection
	GlobalSection(ProjectConfigurationPlatforms) = postSolution
		{3D2EF30D-DDCB-421B-A891-AAF1F4A1BC31}.Debug|Any CPU.ActiveCfg = Debug|Any CPU
		{3D2EF30D-DDCB-421B-A891-AAF1F4A1BC31}.Debug|Any CPU.Build.0 = Debug|Any CPU
		{3D2EF30D-DDCB-421B-A891-AAF1F4A1BC31}.Release|Any CPU.ActiveCfg = Release|Any CPU
		{3D2EF30D-DDCB-421B-A891-AAF1F4A1BC31}.Release|Any CPU.Build.0 = Release|Any CPU
	EndGlobalSection
	GlobalSection(SolutionProperties) = preSolution
		HideSolutionNode = FALSE
	EndGlobalSection
	GlobalSection(ExtensibilityGlobals) = postSolution
		SolutionGuid = {A967499B-7C46-4367-9F9C-1D23A2C9358B}
	EndGlobalSection
EndGlobal
